
Microsoft Visual Studio Solution File, Format Version 12.00
# Visual Studio Version 16
VisualStudioVersion = 16.0.31129.286
MinimumVisualStudioVersion = 10.0.40219.1
Project("{FAE04EC0-301F-11D3-BF4B-00C04F79EFBC}") = "TEST1_PRACTICA", "TEST1_PRACTICA\TEST1_PRACTICA.csproj", "{9A63D240-33B8-4347-A491-9D6CD270389C}"
EndProject
Global
	GlobalSection(SolutionConfigurationPlatforms) = preSolution
		Debug|Any CPU = Debug|Any CPU
		Release|Any CPU = Release|Any CPU
	EndGlobalSection
	GlobalSection(ProjectConfigurationPlatforms) = postSolution
		{9A63D240-33B8-4347-A491-9D6CD270389C}.Debug|Any CPU.ActiveCfg = Debug|Any CPU
		{9A63D240-33B8-4347-A491-9D6CD270389C}.Debug|Any CPU.Build.0 = Debug|Any CPU
		{9A63D240-33B8-4347-A491-9D6CD270389C}.Release|Any CPU.ActiveCfg = Release|Any CPU
		{9A63D240-33B8-4347-A491-9D6CD270389C}.Release|Any CPU.Build.0 = Release|Any CPU
	EndGlobalSection
	GlobalSection(SolutionProperties) = preSolution
		HideSolutionNode = FALSE
	EndGlobalSection
	GlobalSection(ExtensibilityGlobals) = postSolution
		SolutionGuid = {D148208F-E402-4E0E-854D-ED218785BEB5}
	EndGlobalSection
EndGlobal
